
Microsoft Visual Studio Solution File, Format Version 12.00
# Visual Studio Version 17
VisualStudioVersion = 17.3.32922.545
MinimumVisualStudioVersion = 10.0.40219.1
Project("{9A19103F-16F7-4668-BE54-9A1E7A4F7556}") = "LeviathanAuctionHouse", "LeviathanAuctionHouse\LeviathanAuctionHouse.csproj", "{2FFDBA63-30B1-4EEA-9E71-96C28EB10355}"
EndProject
Global
	GlobalSection(SolutionConfigurationPlatforms) = preSolution
		Debug|Any CPU = Debug|Any CPU
		Release|Any CPU = Release|Any CPU
	EndGlobalSection
	GlobalSection(ProjectConfigurationPlatforms) = postSolution
		{2FFDBA63-30B1-4EEA-9E71-96C28EB10355}.Debug|Any CPU.ActiveCfg = Debug|Any CPU
		{2FFDBA63-30B1-4EEA-9E71-96C28EB10355}.Debug|Any CPU.Build.0 = Debug|Any CPU
		{2FFDBA63-30B1-4EEA-9E71-96C28EB10355}.Release|Any CPU.ActiveCfg = Release|Any CPU
		{2FFDBA63-30B1-4EEA-9E71-96C28EB10355}.Release|Any CPU.Build.0 = Release|Any CPU
	EndGlobalSection
	GlobalSection(SolutionProperties) = preSolution
		HideSolutionNode = FALSE
	EndGlobalSection
	GlobalSection(ExtensibilityGlobals) = postSolution
		SolutionGuid = {87461264-1137-46F3-8FFD-19ACEE4F5038}
	EndGlobalSection
EndGlobal
